{
    "name": "@homebridge/put",
    "version": "0.0.7",
    "lockfileVersion": 2,
    "requires": true,
    "packages": {
        "": {
            "name": "@homebridge/put",
            "version": "0.0.7",
            "license": "MIT/X11",
            "devDependencies": {
                "binary": "^0.3.0",
                "expresso": "^0.9.2"
            },
            "engines": {
                "node": ">=0.3.0"
            }
        },
        "node_modules/binary": {
            "version": "0.3.0",
            "resolved": "https://registry.npmjs.org/binary/-/binary-0.3.0.tgz",
            "integrity": "sha512-D4H1y5KYwpJgK8wk1Cue5LLPgmwHKYSChkbspQg5JtVuR5ulGckxfR62H3AE9UDkdMC8yyXlqYihuz3Aqg2XZg==",
            "dev": true,
            "dependencies": {
                "buffers": "~0.1.1",
                "chainsaw": "~0.1.0"
            },
            "engines": {
                "node": "*"
            }
        },
        "node_modules/buffers": {
            "version": "0.1.1",
            "resolved": "https://registry.npmjs.org/buffers/-/buffers-0.1.1.tgz",
            "integrity": "sha512-9q/rDEGSb/Qsvv2qvzIzdluL5k7AaJOTrw23z9reQthrbF7is4CtlT0DXyO1oei2DCp4uojjzQ7igaSHp1kAEQ==",
            "dev": true,
            "engines": {
                "node": ">=0.2.0"
            }
        },
        "node_modules/chainsaw": {
            "version": "0.1.0",
            "resolved": "https://registry.npmjs.org/chainsaw/-/chainsaw-0.1.0.tgz",
            "integrity": "sha512-75kWfWt6MEKNC8xYXIdRpDehRYY/tNSgwKaJq+dbbDcxORuVrrQ+SEHoWsniVn9XPYfP4gmdWIeDk/4YNp1rNQ==",
            "dev": true,
            "dependencies": {
                "traverse": ">=0.3.0 <0.4"
            },
            "engines": {
                "node": "*"
            }
        },
        "node_modules/expresso": {
            "version": "0.9.2",
            "resolved": "https://registry.npmjs.org/expresso/-/expresso-0.9.2.tgz",
            "integrity": "sha512-DmI2WpITEQHMl/HUZejTByJjiSHWKwuWDpIIslDsI4ln/iZdwmnDDy7ZQ5bbdpOrjk59eQyQmdvlp2suml4ZhA==",
            "dev": true,
            "hasInstallScript": true,
            "bin": {
                "expresso": "bin/expresso",
                "node-jscoverage": "deps/jscoverage/node-jscoverage"
            },
            "engines": {
                "node": "*"
            }
        },
        "node_modules/traverse": {
            "version": "0.3.9",
            "resolved": "https://registry.npmjs.org/traverse/-/traverse-0.3.9.tgz",
            "integrity": "sha512-iawgk0hLP3SxGKDfnDJf8wTz4p2qImnyihM5Hh/sGvQ3K37dPi/w8sRhdNIxYA1TwFwc5mDhIJq+O0RsvXBKdQ==",
            "dev": true,
            "engines": {
                "node": "*"
            }
        }
    },
    "dependencies": {
        "binary": {
            "version": "0.3.0",
            "resolved": "https://registry.npmjs.org/binary/-/binary-0.3.0.tgz",
            "integrity": "sha512-D4H1y5KYwpJgK8wk1Cue5LLPgmwHKYSChkbspQg5JtVuR5ulGckxfR62H3AE9UDkdMC8yyXlqYihuz3Aqg2XZg==",
            "dev": true,
            "requires": {
                "buffers": "~0.1.1",
                "chainsaw": "~0.1.0"
            }
        },
        "buffers": {
            "version": "0.1.1",
            "resolved": "https://registry.npmjs.org/buffers/-/buffers-0.1.1.tgz",
            "integrity": "sha512-9q/rDEGSb/Qsvv2qvzIzdluL5k7AaJOTrw23z9reQthrbF7is4CtlT0DXyO1oei2DCp4uojjzQ7igaSHp1kAEQ==",
            "dev": true
        },
        "chainsaw": {
            "version": "0.1.0",
            "resolved": "https://registry.npmjs.org/chainsaw/-/chainsaw-0.1.0.tgz",
            "integrity": "sha512-75kWfWt6MEKNC8xYXIdRpDehRYY/tNSgwKaJq+dbbDcxORuVrrQ+SEHoWsniVn9XPYfP4gmdWIeDk/4YNp1rNQ==",
            "dev": true,
            "requires": {
                "traverse": ">=0.3.0 <0.4"
            }
        },
        "expresso": {
            "version": "0.9.2",
            "resolved": "https://registry.npmjs.org/expresso/-/expresso-0.9.2.tgz",
            "integrity": "sha512-DmI2WpITEQHMl/HUZejTByJjiSHWKwuWDpIIslDsI4ln/iZdwmnDDy7ZQ5bbdpOrjk59eQyQmdvlp2suml4ZhA==",
            "dev": true
        },
        "traverse": {
            "version": "0.3.9",
            "resolved": "https://registry.npmjs.org/traverse/-/traverse-0.3.9.tgz",
            "integrity": "sha512-iawgk0hLP3SxGKDfnDJf8wTz4p2qImnyihM5Hh/sGvQ3K37dPi/w8sRhdNIxYA1TwFwc5mDhIJq+O0RsvXBKdQ==",
            "dev": true
        }
    }
}
